
Microsoft Visual Studio Solution File, Format Version 12.00
# Visual Studio Version 16
VisualStudioVersion = 16.0.31727.386
MinimumVisualStudioVersion = 10.0.40219.1
Project("{9A19103F-16F7-4668-BE54-9A1E7A4F7556}") = "ForJohnny", "ForJohnny.csproj", "{E5466665-2AC5-4B0B-9901-E34B004D9767}"
EndProject
Project("{FAE04EC0-301F-11D3-BF4B-00C04F79EFBC}") = "CardGameTest", "..\CardGameTest\CardGameTest.csproj", "{FCF6B658-EBB0-4EF4-A9BC-3C0B02DB10D1}"
EndProject
Global
	GlobalSection(SolutionConfigurationPlatforms) = preSolution
		Debug|Any CPU = Debug|Any CPU
		Release|Any CPU = Release|Any CPU
	EndGlobalSection
	GlobalSection(ProjectConfigurationPlatforms) = postSolution
		{E5466665-2AC5-4B0B-9901-E34B004D9767}.Debug|Any CPU.ActiveCfg = Debug|Any CPU
		{E5466665-2AC5-4B0B-9901-E34B004D9767}.Debug|Any CPU.Build.0 = Debug|Any CPU
		{E5466665-2AC5-4B0B-9901-E34B004D9767}.Release|Any CPU.ActiveCfg = Release|Any CPU
		{E5466665-2AC5-4B0B-9901-E34B004D9767}.Release|Any CPU.Build.0 = Release|Any CPU
		{FCF6B658-EBB0-4EF4-A9BC-3C0B02DB10D1}.Debug|Any CPU.ActiveCfg = Debug|Any CPU
		{FCF6B658-EBB0-4EF4-A9BC-3C0B02DB10D1}.Debug|Any CPU.Build.0 = Debug|Any CPU
		{FCF6B658-EBB0-4EF4-A9BC-3C0B02DB10D1}.Release|Any CPU.ActiveCfg = Release|Any CPU
		{FCF6B658-EBB0-4EF4-A9BC-3C0B02DB10D1}.Release|Any CPU.Build.0 = Release|Any CPU
	EndGlobalSection
	GlobalSection(SolutionProperties) = preSolution
		HideSolutionNode = FALSE
	EndGlobalSection
	GlobalSection(ExtensibilityGlobals) = postSolution
		SolutionGuid = {9951DE40-A33E-4ECC-B1B5-3E7FEBB116E0}
	EndGlobalSection
EndGlobal
